
Microsoft Visual Studio Solution File, Format Version 12.00
# Visual Studio Version 17
VisualStudioVersion = 17.4.33205.214
MinimumVisualStudioVersion = 10.0.40219.1
Project("{FAE04EC0-301F-11D3-BF4B-00C04F79EFBC}") = "HomeTask1", "HomeTask1\HomeTask1.csproj", "{B2C6B842-B843-479A-8DB7-1FAED9A645D8}"
EndProject
Global
	GlobalSection(SolutionConfigurationPlatforms) = preSolution
		Debug|Any CPU = Debug|Any CPU
		Release|Any CPU = Release|Any CPU
	EndGlobalSection
	GlobalSection(ProjectConfigurationPlatforms) = postSolution
		{B2C6B842-B843-479A-8DB7-1FAED9A645D8}.Debug|Any CPU.ActiveCfg = Debug|Any CPU
		{B2C6B842-B843-479A-8DB7-1FAED9A645D8}.Debug|Any CPU.Build.0 = Debug|Any CPU
		{B2C6B842-B843-479A-8DB7-1FAED9A645D8}.Release|Any CPU.ActiveCfg = Release|Any CPU
		{B2C6B842-B843-479A-8DB7-1FAED9A645D8}.Release|Any CPU.Build.0 = Release|Any CPU
	EndGlobalSection
	GlobalSection(SolutionProperties) = preSolution
		HideSolutionNode = FALSE
	EndGlobalSection
	GlobalSection(ExtensibilityGlobals) = postSolution
		SolutionGuid = {4E5E0DC2-4CD2-4672-A730-D77096190513}
	EndGlobalSection
EndGlobal
